
Microsoft Visual Studio Solution File, Format Version 12.00
# Visual Studio Version 17
VisualStudioVersion = 17.1.32210.238
MinimumVisualStudioVersion = 10.0.40219.1
Project("{9A19103F-16F7-4668-BE54-9A1E7A4F7556}") = "PlumGuide.Exercises.PlutoRover", "src\PlumGuide.Exercises.PlutoRover\PlumGuide.Exercises.PlutoRover.csproj", "{88543475-0842-4082-A42D-2820F69D9783}"
EndProject
Project("{2150E333-8FDC-42A3-9474-1A3956D46DE8}") = "tests", "tests", "{26BD60E4-C68C-4F5F-B937-E6D44CA447E2}"
EndProject
Project("{9A19103F-16F7-4668-BE54-9A1E7A4F7556}") = "PlumGuide.Exercises.PlutoRover.DataAccess", "src\PlumGuide.Exercises.PlutoRover.DataAccess\PlumGuide.Exercises.PlutoRover.DataAccess.csproj", "{71131666-25D1-431A-B384-C4C0C028CF76}"
EndProject
Project("{9A19103F-16F7-4668-BE54-9A1E7A4F7556}") = "PlumGuide.Exercises.PlutoRover.SDK", "src\PlumGuide.Exercises.PlutoRover.SDK\PlumGuide.Exercises.PlutoRover.SDK.csproj", "{A5D7285C-E48E-44F6-83DB-FB015EF071C0}"
EndProject
Project("{E53339B2-1760-4266-BCC7-CA923CBCF16C}") = "docker-compose", "src\docker-compose.dcproj", "{09DF6C78-F52A-4ACC-8367-FE84A0AA10AB}"
EndProject
Project("{2150E333-8FDC-42A3-9474-1A3956D46DE8}") = "src", "src", "{8A5FA378-1513-4A7D-A4A7-0783B1A98A24}"
	ProjectSection(SolutionItems) = preProject
		README.md = README.md
	EndProjectSection
EndProject
Project("{2150E333-8FDC-42A3-9474-1A3956D46DE8}") = "unit-tests", "unit-tests", "{EABCF43F-E4BA-4F25-A334-357EAAF09B44}"
EndProject
Project("{9A19103F-16F7-4668-BE54-9A1E7A4F7556}") = "PlumGuide.Exercises.PlutoRover.UnitTests", "tests\unit-tests\PlumGuide.Exercises.PlutoRover.UnitTests\PlumGuide.Exercises.PlutoRover.UnitTests.csproj", "{8E917422-1A6C-449D-AEEE-7BA6B469AF5B}"
EndProject
Global
	GlobalSection(SolutionConfigurationPlatforms) = preSolution
		Debug|Any CPU = Debug|Any CPU
		Release|Any CPU = Release|Any CPU
	EndGlobalSection
	GlobalSection(ProjectConfigurationPlatforms) = postSolution
		{88543475-0842-4082-A42D-2820F69D9783}.Debug|Any CPU.ActiveCfg = Debug|Any CPU
		{88543475-0842-4082-A42D-2820F69D9783}.Debug|Any CPU.Build.0 = Debug|Any CPU
		{88543475-0842-4082-A42D-2820F69D9783}.Release|Any CPU.ActiveCfg = Release|Any CPU
		{88543475-0842-4082-A42D-2820F69D9783}.Release|Any CPU.Build.0 = Release|Any CPU
		{71131666-25D1-431A-B384-C4C0C028CF76}.Debug|Any CPU.ActiveCfg = Debug|Any CPU
		{71131666-25D1-431A-B384-C4C0C028CF76}.Debug|Any CPU.Build.0 = Debug|Any CPU
		{71131666-25D1-431A-B384-C4C0C028CF76}.Release|Any CPU.ActiveCfg = Release|Any CPU
		{71131666-25D1-431A-B384-C4C0C028CF76}.Release|Any CPU.Build.0 = Release|Any CPU
		{A5D7285C-E48E-44F6-83DB-FB015EF071C0}.Debug|Any CPU.ActiveCfg = Debug|Any CPU
		{A5D7285C-E48E-44F6-83DB-FB015EF071C0}.Debug|Any CPU.Build.0 = Debug|Any CPU
		{A5D7285C-E48E-44F6-83DB-FB015EF071C0}.Release|Any CPU.ActiveCfg = Release|Any CPU
		{A5D7285C-E48E-44F6-83DB-FB015EF071C0}.Release|Any CPU.Build.0 = Release|Any CPU
		{09DF6C78-F52A-4ACC-8367-FE84A0AA10AB}.Debug|Any CPU.ActiveCfg = Debug|Any CPU
		{09DF6C78-F52A-4ACC-8367-FE84A0AA10AB}.Debug|Any CPU.Build.0 = Debug|Any CPU
		{09DF6C78-F52A-4ACC-8367-FE84A0AA10AB}.Release|Any CPU.ActiveCfg = Release|Any CPU
		{09DF6C78-F52A-4ACC-8367-FE84A0AA10AB}.Release|Any CPU.Build.0 = Release|Any CPU
		{8E917422-1A6C-449D-AEEE-7BA6B469AF5B}.Debug|Any CPU.ActiveCfg = Debug|Any CPU
		{8E917422-1A6C-449D-AEEE-7BA6B469AF5B}.Debug|Any CPU.Build.0 = Debug|Any CPU
		{8E917422-1A6C-449D-AEEE-7BA6B469AF5B}.Release|Any CPU.ActiveCfg = Release|Any CPU
		{8E917422-1A6C-449D-AEEE-7BA6B469AF5B}.Release|Any CPU.Build.0 = Release|Any CPU
	EndGlobalSection
	GlobalSection(SolutionProperties) = preSolution
		HideSolutionNode = FALSE
	EndGlobalSection
	GlobalSection(NestedProjects) = preSolution
		{88543475-0842-4082-A42D-2820F69D9783} = {8A5FA378-1513-4A7D-A4A7-0783B1A98A24}
		{71131666-25D1-431A-B384-C4C0C028CF76} = {8A5FA378-1513-4A7D-A4A7-0783B1A98A24}
		{A5D7285C-E48E-44F6-83DB-FB015EF071C0} = {8A5FA378-1513-4A7D-A4A7-0783B1A98A24}
		{09DF6C78-F52A-4ACC-8367-FE84A0AA10AB} = {8A5FA378-1513-4A7D-A4A7-0783B1A98A24}
		{EABCF43F-E4BA-4F25-A334-357EAAF09B44} = {26BD60E4-C68C-4F5F-B937-E6D44CA447E2}
		{8E917422-1A6C-449D-AEEE-7BA6B469AF5B} = {EABCF43F-E4BA-4F25-A334-357EAAF09B44}
	EndGlobalSection
	GlobalSection(ExtensibilityGlobals) = postSolution
		SolutionGuid = {F8FAB5B0-34C2-45C2-B3EF-6F1AC8A0B22D}
	EndGlobalSection
EndGlobal
